{
    "_readme": [
        "This file locks the dependencies of your project to a known state",
        "Read more about it at https://getcomposer.org/doc/01-basic-usage.md#composer-lock-the-lock-file",
        "This file is @generated automatically"
    ],
    "hash": "2f1994e4348fb8ee8de8d904de4844d2",
    "content-hash": "8c4ef8ba2a21aa1a25b6fab0d5542d26",
    "packages": [
        {
            "name": "jakeasmith/http_build_url",
            "version": "1.0.0",
            "source": {
                "type": "git",
                "url": "https://github.com/jakeasmith/http_build_url.git",
                "reference": "15bdd686e5178ddfa3e88de60fa585adffb292bb"
            },
            "dist": {
                "type": "zip",
                "url": "https://api.github.com/repos/jakeasmith/http_build_url/zipball/15bdd686e5178ddfa3e88de60fa585adffb292bb",
                "reference": "15bdd686e5178ddfa3e88de60fa585adffb292bb",
                "shasum": ""
            },
            "require-dev": {
                "phpunit/phpunit": "~3.7"
            },
            "type": "library",
            "autoload": {
                "files": [
                    "src/http_build_url.php"
                ]
            },
            "notification-url": "https://packagist.org/downloads/",
            "license": [
                "MIT"
            ],
            "authors": [
                {
                    "name": "Jake A. Smith",
                    "email": "theman@jakeasmith.com"
                }
            ],
            "description": "Provides functionality for http_build_url() to environments without pecl_http.",
            "time": "2015-05-06 12:27:20"
        },
        {
            "name": "ruvents/data-reconstructor",
            "version": "1.0.2",
            "source": {
                "type": "git",
                "url": "https://bitbucket.org/ruvents/data-reconstructor.git",
                "reference": "7f6d9ee7bc9062e601e2f5673e3b7f53567cfdf7"
            },
            "dist": {
                "type": "zip",
                "url": "https://bitbucket.org/ruvents/data-reconstructor/get/7f6d9ee7bc9062e601e2f5673e3b7f53567cfdf7.zip",
                "reference": "7f6d9ee7bc9062e601e2f5673e3b7f53567cfdf7",
                "shasum": ""
            },
            "require": {
                "php": ">=5.4.0",
                "symfony/property-access": "^2.8 || ^3.0"
            },
            "type": "library",
            "extra": {
                "branch-alias": {
                    "dev-master": "1.0-dev"
                }
            },
            "autoload": {
                "psr-4": {
                    "Ruvents\\DataReconstructor\\": "src/"
                }
            },
            "notification-url": "https://packagist.org/downloads/",
            "license": [
                "MIT"
            ],
            "authors": [
                {
                    "name": "Valentin Udaltsov",
                    "email": "udaltsov@ruvents.com"
                }
            ],
            "description": "RUVENTS Data Reconstructor",
            "time": "2016-03-24 10:51:18"
        },
        {
            "name": "ruvents/http-client",
            "version": "1.0.1",
            "source": {
                "type": "git",
                "url": "https://bitbucket.org/ruvents/http-client.git",
                "reference": "38d7d35cfc8b0461c0fabd818991f7e47f405187"
            },
            "dist": {
                "type": "zip",
                "url": "https://bitbucket.org/ruvents/http-client/get/38d7d35cfc8b0461c0fabd818991f7e47f405187.zip",
                "reference": "38d7d35cfc8b0461c0fabd818991f7e47f405187",
                "shasum": ""
            },
            "require": {
                "jakeasmith/http_build_url": "^1.0",
                "php": ">=5.4"
            },
            "require-dev": {
                "phpunit/phpunit": "^5.2"
            },
            "type": "project",
            "extra": {
                "branch-alias": {
                    "dev-master": "1.0-dev"
                }
            },
            "autoload": {
                "psr-4": {
                    "": "src/"
                }
            },
            "notification-url": "https://packagist.org/downloads/",
            "license": [
                "MIT"
            ],
            "description": "RUVENTS Http Client",
            "time": "2016-03-21 13:08:59"
        },
        {
            "name": "symfony/property-access",
            "version": "v3.0.3",
            "source": {
                "type": "git",
                "url": "https://github.com/symfony/property-access.git",
                "reference": "f138bcc0cdaf6a6aba99ecab20d235b394f46eba"
            },
            "dist": {
                "type": "zip",
                "url": "https://api.github.com/repos/symfony/property-access/zipball/f138bcc0cdaf6a6aba99ecab20d235b394f46eba",
                "reference": "f138bcc0cdaf6a6aba99ecab20d235b394f46eba",
                "shasum": ""
            },
            "require": {
                "php": ">=5.5.9"
            },
            "type": "library",
            "extra": {
                "branch-alias": {
                    "dev-master": "3.0-dev"
                }
            },
            "autoload": {
                "psr-4": {
                    "Symfony\\Component\\PropertyAccess\\": ""
                },
                "exclude-from-classmap": [
                    "/Tests/"
                ]
            },
            "notification-url": "https://packagist.org/downloads/",
            "license": [
                "MIT"
            ],
            "authors": [
                {
                    "name": "Fabien Potencier",
                    "email": "fabien@symfony.com"
                },
                {
                    "name": "Symfony Community",
                    "homepage": "https://symfony.com/contributors"
                }
            ],
            "description": "Symfony PropertyAccess Component",
            "homepage": "https://symfony.com",
            "keywords": [
                "access",
                "array",
                "extraction",
                "index",
                "injection",
                "object",
                "property",
                "property path",
                "reflection"
            ],
            "time": "2016-02-13 09:23:44"
        }
    ],
    "packages-dev": [],
    "aliases": [],
    "minimum-stability": "stable",
    "stability-flags": [],
    "prefer-stable": false,
    "prefer-lowest": false,
    "platform": {
        "php": ">=5.4.0"
    },
    "platform-dev": []
}
